
Microsoft Visual Studio Solution File, Format Version 12.00
# Visual Studio Version 17
VisualStudioVersion = 17.1.32328.378
MinimumVisualStudioVersion = 10.0.40219.1
Project("{FAE04EC0-301F-11D3-BF4B-00C04F79EFBC}") = "Devis Factures Remake", "Devis Factures Remake.csproj", "{BAB80925-006A-4EB3-895E-95B564AD6785}"
EndProject
Global
	GlobalSection(SolutionConfigurationPlatforms) = preSolution
		Debug|Any CPU = Debug|Any CPU
		Release|Any CPU = Release|Any CPU
	EndGlobalSection
	GlobalSection(ProjectConfigurationPlatforms) = postSolution
		{BAB80925-006A-4EB3-895E-95B564AD6785}.Debug|Any CPU.ActiveCfg = Debug|Any CPU
		{BAB80925-006A-4EB3-895E-95B564AD6785}.Debug|Any CPU.Build.0 = Debug|Any CPU
		{BAB80925-006A-4EB3-895E-95B564AD6785}.Release|Any CPU.ActiveCfg = Release|Any CPU
		{BAB80925-006A-4EB3-895E-95B564AD6785}.Release|Any CPU.Build.0 = Release|Any CPU
	EndGlobalSection
	GlobalSection(SolutionProperties) = preSolution
		HideSolutionNode = FALSE
	EndGlobalSection
	GlobalSection(ExtensibilityGlobals) = postSolution
		SolutionGuid = {D6D20618-5829-4087-B1ED-DB965B78E173}
	EndGlobalSection
EndGlobal
